
Microsoft Visual Studio Solution File, Format Version 12.00
Project("{FAE04EC0-301F-11D3-BF4B-00C04F79EFBC}") = "AspNetReactKyrsovaya", "AspNetReactKyrsovaya\AspNetReactKyrsovaya.csproj", "{B6E33944-4DFB-44B4-82AD-2D79A1C80CCB}"
EndProject
Global
	GlobalSection(SolutionConfigurationPlatforms) = preSolution
		Debug|Any CPU = Debug|Any CPU
		Release|Any CPU = Release|Any CPU
	EndGlobalSection
	GlobalSection(ProjectConfigurationPlatforms) = postSolution
		{B6E33944-4DFB-44B4-82AD-2D79A1C80CCB}.Debug|Any CPU.ActiveCfg = Debug|Any CPU
		{B6E33944-4DFB-44B4-82AD-2D79A1C80CCB}.Debug|Any CPU.Build.0 = Debug|Any CPU
		{B6E33944-4DFB-44B4-82AD-2D79A1C80CCB}.Release|Any CPU.ActiveCfg = Release|Any CPU
		{B6E33944-4DFB-44B4-82AD-2D79A1C80CCB}.Release|Any CPU.Build.0 = Release|Any CPU
	EndGlobalSection
EndGlobal
